
Microsoft Visual Studio Solution File, Format Version 12.00
# Visual Studio Version 17
VisualStudioVersion = 17.8.34511.84
MinimumVisualStudioVersion = 10.0.40219.1
Project("{FAE04EC0-301F-11D3-BF4B-00C04F79EFBC}") = "CLI_EXAMEN", "CLI_EXAMEN\CLI_EXAMEN.csproj", "{34089F73-A55A-438D-B3AA-D8112E86D442}"
EndProject
Global
	GlobalSection(SolutionConfigurationPlatforms) = preSolution
		Debug|Any CPU = Debug|Any CPU
		Release|Any CPU = Release|Any CPU
	EndGlobalSection
	GlobalSection(ProjectConfigurationPlatforms) = postSolution
		{34089F73-A55A-438D-B3AA-D8112E86D442}.Debug|Any CPU.ActiveCfg = Debug|Any CPU
		{34089F73-A55A-438D-B3AA-D8112E86D442}.Debug|Any CPU.Build.0 = Debug|Any CPU
		{34089F73-A55A-438D-B3AA-D8112E86D442}.Release|Any CPU.ActiveCfg = Release|Any CPU
		{34089F73-A55A-438D-B3AA-D8112E86D442}.Release|Any CPU.Build.0 = Release|Any CPU
	EndGlobalSection
	GlobalSection(SolutionProperties) = preSolution
		HideSolutionNode = FALSE
	EndGlobalSection
	GlobalSection(ExtensibilityGlobals) = postSolution
		SolutionGuid = {A3323C5E-FA11-47C6-98CA-B9F50B3B65F8}
	EndGlobalSection
EndGlobal
